
Microsoft Visual Studio Solution File, Format Version 12.00
# Visual Studio Version 17
VisualStudioVersion = 17.5.33502.453
MinimumVisualStudioVersion = 10.0.40219.1
Project("{FAE04EC0-301F-11D3-BF4B-00C04F79EFBC}") = "FinalXamarin.Android", "FinalXamarin\FinalXamarin.Android\FinalXamarin.Android.csproj", "{36B14B77-9555-4C02-A251-3BDE2B471451}"
EndProject
Project("{FAE04EC0-301F-11D3-BF4B-00C04F79EFBC}") = "FinalXamarin.iOS", "FinalXamarin\FinalXamarin.iOS\FinalXamarin.iOS.csproj", "{71D48400-C285-4E20-84C2-480B772D2391}"
EndProject
Project("{FAE04EC0-301F-11D3-BF4B-00C04F79EFBC}") = "FinalXamarin", "FinalXamarin\FinalXamarin\FinalXamarin.csproj", "{5CEAFD3C-52A3-46AB-A060-261E111F9A19}"
EndProject
Global
	GlobalSection(SolutionConfigurationPlatforms) = preSolution
		Debug|Any CPU = Debug|Any CPU
		Debug|iPhone = Debug|iPhone
		Debug|iPhoneSimulator = Debug|iPhoneSimulator
		Release|Any CPU = Release|Any CPU
		Release|iPhone = Release|iPhone
		Release|iPhoneSimulator = Release|iPhoneSimulator
	EndGlobalSection
	GlobalSection(ProjectConfigurationPlatforms) = postSolution
		{36B14B77-9555-4C02-A251-3BDE2B471451}.Debug|Any CPU.ActiveCfg = Debug|Any CPU
		{36B14B77-9555-4C02-A251-3BDE2B471451}.Debug|Any CPU.Build.0 = Debug|Any CPU
		{36B14B77-9555-4C02-A251-3BDE2B471451}.Debug|Any CPU.Deploy.0 = Debug|Any CPU
		{36B14B77-9555-4C02-A251-3BDE2B471451}.Debug|iPhone.ActiveCfg = Debug|Any CPU
		{36B14B77-9555-4C02-A251-3BDE2B471451}.Debug|iPhone.Build.0 = Debug|Any CPU
		{36B14B77-9555-4C02-A251-3BDE2B471451}.Debug|iPhone.Deploy.0 = Debug|Any CPU
		{36B14B77-9555-4C02-A251-3BDE2B471451}.Debug|iPhoneSimulator.ActiveCfg = Debug|Any CPU
		{36B14B77-9555-4C02-A251-3BDE2B471451}.Debug|iPhoneSimulator.Build.0 = Debug|Any CPU
		{36B14B77-9555-4C02-A251-3BDE2B471451}.Debug|iPhoneSimulator.Deploy.0 = Debug|Any CPU
		{36B14B77-9555-4C02-A251-3BDE2B471451}.Release|Any CPU.ActiveCfg = Release|Any CPU
		{36B14B77-9555-4C02-A251-3BDE2B471451}.Release|Any CPU.Build.0 = Release|Any CPU
		{36B14B77-9555-4C02-A251-3BDE2B471451}.Release|Any CPU.Deploy.0 = Release|Any CPU
		{36B14B77-9555-4C02-A251-3BDE2B471451}.Release|iPhone.ActiveCfg = Release|Any CPU
		{36B14B77-9555-4C02-A251-3BDE2B471451}.Release|iPhone.Build.0 = Release|Any CPU
		{36B14B77-9555-4C02-A251-3BDE2B471451}.Release|iPhone.Deploy.0 = Release|Any CPU
		{36B14B77-9555-4C02-A251-3BDE2B471451}.Release|iPhoneSimulator.ActiveCfg = Release|Any CPU
		{36B14B77-9555-4C02-A251-3BDE2B471451}.Release|iPhoneSimulator.Build.0 = Release|Any CPU
		{36B14B77-9555-4C02-A251-3BDE2B471451}.Release|iPhoneSimulator.Deploy.0 = Release|Any CPU
		{71D48400-C285-4E20-84C2-480B772D2391}.Debug|Any CPU.ActiveCfg = Debug|iPhone
		{71D48400-C285-4E20-84C2-480B772D2391}.Debug|Any CPU.Build.0 = Debug|iPhone
		{71D48400-C285-4E20-84C2-480B772D2391}.Debug|Any CPU.Deploy.0 = Debug|iPhone
		{71D48400-C285-4E20-84C2-480B772D2391}.Debug|iPhone.ActiveCfg = Debug|iPhone
		{71D48400-C285-4E20-84C2-480B772D2391}.Debug|iPhone.Build.0 = Debug|iPhone
		{71D48400-C285-4E20-84C2-480B772D2391}.Debug|iPhone.Deploy.0 = Debug|iPhone
		{71D48400-C285-4E20-84C2-480B772D2391}.Debug|iPhoneSimulator.ActiveCfg = Debug|iPhoneSimulator
		{71D48400-C285-4E20-84C2-480B772D2391}.Debug|iPhoneSimulator.Build.0 = Debug|iPhoneSimulator
		{71D48400-C285-4E20-84C2-480B772D2391}.Debug|iPhoneSimulator.Deploy.0 = Debug|iPhoneSimulator
		{71D48400-C285-4E20-84C2-480B772D2391}.Release|Any CPU.ActiveCfg = Release|iPhoneSimulator
		{71D48400-C285-4E20-84C2-480B772D2391}.Release|Any CPU.Build.0 = Release|iPhoneSimulator
		{71D48400-C285-4E20-84C2-480B772D2391}.Release|Any CPU.Deploy.0 = Release|iPhoneSimulator
		{71D48400-C285-4E20-84C2-480B772D2391}.Release|iPhone.ActiveCfg = Release|iPhone
		{71D48400-C285-4E20-84C2-480B772D2391}.Release|iPhone.Build.0 = Release|iPhone
		{71D48400-C285-4E20-84C2-480B772D2391}.Release|iPhone.Deploy.0 = Release|iPhone
		{71D48400-C285-4E20-84C2-480B772D2391}.Release|iPhoneSimulator.ActiveCfg = Release|iPhoneSimulator
		{71D48400-C285-4E20-84C2-480B772D2391}.Release|iPhoneSimulator.Build.0 = Release|iPhoneSimulator
		{71D48400-C285-4E20-84C2-480B772D2391}.Release|iPhoneSimulator.Deploy.0 = Release|iPhoneSimulator
		{5CEAFD3C-52A3-46AB-A060-261E111F9A19}.Debug|Any CPU.ActiveCfg = Debug|Any CPU
		{5CEAFD3C-52A3-46AB-A060-261E111F9A19}.Debug|Any CPU.Build.0 = Debug|Any CPU
		{5CEAFD3C-52A3-46AB-A060-261E111F9A19}.Debug|Any CPU.Deploy.0 = Debug|Any CPU
		{5CEAFD3C-52A3-46AB-A060-261E111F9A19}.Debug|iPhone.ActiveCfg = Debug|Any CPU
		{5CEAFD3C-52A3-46AB-A060-261E111F9A19}.Debug|iPhone.Build.0 = Debug|Any CPU
		{5CEAFD3C-52A3-46AB-A060-261E111F9A19}.Debug|iPhone.Deploy.0 = Debug|Any CPU
		{5CEAFD3C-52A3-46AB-A060-261E111F9A19}.Debug|iPhoneSimulator.ActiveCfg = Debug|Any CPU
		{5CEAFD3C-52A3-46AB-A060-261E111F9A19}.Debug|iPhoneSimulator.Build.0 = Debug|Any CPU
		{5CEAFD3C-52A3-46AB-A060-261E111F9A19}.Debug|iPhoneSimulator.Deploy.0 = Debug|Any CPU
		{5CEAFD3C-52A3-46AB-A060-261E111F9A19}.Release|Any CPU.ActiveCfg = Release|Any CPU
		{5CEAFD3C-52A3-46AB-A060-261E111F9A19}.Release|Any CPU.Build.0 = Release|Any CPU
		{5CEAFD3C-52A3-46AB-A060-261E111F9A19}.Release|Any CPU.Deploy.0 = Release|Any CPU
		{5CEAFD3C-52A3-46AB-A060-261E111F9A19}.Release|iPhone.ActiveCfg = Release|Any CPU
		{5CEAFD3C-52A3-46AB-A060-261E111F9A19}.Release|iPhone.Build.0 = Release|Any CPU
		{5CEAFD3C-52A3-46AB-A060-261E111F9A19}.Release|iPhone.Deploy.0 = Release|Any CPU
		{5CEAFD3C-52A3-46AB-A060-261E111F9A19}.Release|iPhoneSimulator.ActiveCfg = Release|Any CPU
		{5CEAFD3C-52A3-46AB-A060-261E111F9A19}.Release|iPhoneSimulator.Build.0 = Release|Any CPU
		{5CEAFD3C-52A3-46AB-A060-261E111F9A19}.Release|iPhoneSimulator.Deploy.0 = Release|Any CPU
	EndGlobalSection
	GlobalSection(SolutionProperties) = preSolution
		HideSolutionNode = FALSE
	EndGlobalSection
	GlobalSection(ExtensibilityGlobals) = postSolution
		SolutionGuid = {5B78EE3C-7A49-499A-B638-2B86EC2F26B1}
	EndGlobalSection
EndGlobal
